
Microsoft Visual Studio Solution File, Format Version 12.00
# Visual Studio 2012
Project("{FAE04EC0-301F-11D3-BF4B-00C04F79EFBC}") = "ProgReporter", "ProgReporter\ProgReporter.csproj", "{AD96ABC9-AC2E-4B31-A571-3028D9B7F4DE}"
EndProject
Project("{FAE04EC0-301F-11D3-BF4B-00C04F79EFBC}") = "ProgReporterDotNet20", "ProgReporterDotNet20\ProgReporterDotNet20.csproj", "{244802EB-EC3D-4E8C-9A39-C6FBFAC0B399}"
EndProject
Global
	GlobalSection(SolutionConfigurationPlatforms) = preSolution
		Debug|Any CPU = Debug|Any CPU
		Release|Any CPU = Release|Any CPU
	EndGlobalSection
	GlobalSection(ProjectConfigurationPlatforms) = postSolution
		{AD96ABC9-AC2E-4B31-A571-3028D9B7F4DE}.Debug|Any CPU.ActiveCfg = Debug|Any CPU
		{AD96ABC9-AC2E-4B31-A571-3028D9B7F4DE}.Debug|Any CPU.Build.0 = Debug|Any CPU
		{AD96ABC9-AC2E-4B31-A571-3028D9B7F4DE}.Release|Any CPU.ActiveCfg = Release|Any CPU
		{AD96ABC9-AC2E-4B31-A571-3028D9B7F4DE}.Release|Any CPU.Build.0 = Release|Any CPU
		{244802EB-EC3D-4E8C-9A39-C6FBFAC0B399}.Debug|Any CPU.ActiveCfg = Debug|Any CPU
		{244802EB-EC3D-4E8C-9A39-C6FBFAC0B399}.Debug|Any CPU.Build.0 = Debug|Any CPU
		{244802EB-EC3D-4E8C-9A39-C6FBFAC0B399}.Release|Any CPU.ActiveCfg = Release|Any CPU
		{244802EB-EC3D-4E8C-9A39-C6FBFAC0B399}.Release|Any CPU.Build.0 = Release|Any CPU
	EndGlobalSection
	GlobalSection(SolutionProperties) = preSolution
		HideSolutionNode = FALSE
	EndGlobalSection
EndGlobal
